// !$*UTF8*$!
{
	archiveVersion = 1;
	classes = {
	};
	objectVersion = 46;
	objects = {

/* Begin PBXBuildFile section */
		C50165251EA5216A009FEFBB /* iTunes.png in Resources */ = {isa = PBXBuildFile; fileRef = C50165241EA5216A009FEFBB /* iTunes.png */; };
		C505D1211EEFFDA600FEECDB /* MJMoviePlayerViewController.m in Sources */ = {isa = PBXBuildFile; fileRef = C505D11C1EEFFDA600FEECDB /* MJMoviePlayerViewController.m */; };
		C505D1221EEFFDA600FEECDB /* MJViewController.m in Sources */ = {isa = PBXBuildFile; fileRef = C505D11E1EEFFDA600FEECDB /* MJViewController.m */; };
		C505D1231EEFFDA600FEECDB /* MKLViewController.m in Sources */ = {isa = PBXBuildFile; fileRef = C505D1201EEFFDA600FEECDB /* MKLViewController.m */; };
		C52383AE1EB8402500E34960 /* new_feature_1-568h@2x.png in Resources */ = {isa = PBXBuildFile; fileRef = C52383931EB8402500E34960 /* new_feature_1-568h@2x.png */; };
		C52383AF1EB8402500E34960 /* new_feature_1.png in Resources */ = {isa = PBXBuildFile; fileRef = C52383941EB8402500E34960 /* new_feature_1.png */; };
		C52383B01EB8402500E34960 /* new_feature_1@2x.png in Resources */ = {isa = PBXBuildFile; fileRef = C52383951EB8402500E34960 /* new_feature_1@2x.png */; };
		C52383B11EB8402500E34960 /* new_feature_2-568h@2x.png in Resources */ = {isa = PBXBuildFile; fileRef = C52383961EB8402500E34960 /* new_feature_2-568h@2x.png */; };
		C52383B21EB8402500E34960 /* new_feature_2.png in Resources */ = {isa = PBXBuildFile; fileRef = C52383971EB8402500E34960 /* new_feature_2.png */; };
		C52383B31EB8402500E34960 /* new_feature_2@2x.png in Resources */ = {isa = PBXBuildFile; fileRef = C52383981EB8402500E34960 /* new_feature_2@2x.png */; };
		C52383B41EB8402500E34960 /* new_feature_3-568h@2x.png in Resources */ = {isa = PBXBuildFile; fileRef = C52383991EB8402500E34960 /* new_feature_3-568h@2x.png */; };
		C52383B51EB8402500E34960 /* new_feature_3.png in Resources */ = {isa = PBXBuildFile; fileRef = C523839A1EB8402500E34960 /* new_feature_3.png */; };
		C52383B61EB8402500E34960 /* new_feature_3@2x.png in Resources */ = {isa = PBXBuildFile; fileRef = C523839B1EB8402500E34960 /* new_feature_3@2x.png */; };
		C52383B71EB8402500E34960 /* new_feature_4-568h@2x.png in Resources */ = {isa = PBXBuildFile; fileRef = C523839C1EB8402500E34960 /* new_feature_4-568h@2x.png */; };
		C52383B81EB8402500E34960 /* new_feature_4.png in Resources */ = {isa = PBXBuildFile; fileRef = C523839D1EB8402500E34960 /* new_feature_4.png */; };
		C52383B91EB8402500E34960 /* new_feature_4@2x.png in Resources */ = {isa = PBXBuildFile; fileRef = C523839E1EB8402500E34960 /* new_feature_4@2x.png */; };
		C52383BA1EB8402500E34960 /* new_feature_background-568h@2x.png in Resources */ = {isa = PBXBuildFile; fileRef = C523839F1EB8402500E34960 /* new_feature_background-568h@2x.png */; };
		C52383BB1EB8402500E34960 /* new_feature_background.png in Resources */ = {isa = PBXBuildFile; fileRef = C52383A01EB8402500E34960 /* new_feature_background.png */; };
		C52383BC1EB8402500E34960 /* new_feature_background@2x.png in Resources */ = {isa = PBXBuildFile; fileRef = C52383A11EB8402500E34960 /* new_feature_background@2x.png */; };
		C52383BD1EB8402500E34960 /* new_feature_finish_button.png in Resources */ = {isa = PBXBuildFile; fileRef = C52383A21EB8402500E34960 /* new_feature_finish_button.png */; };
		C52383BE1EB8402500E34960 /* new_feature_finish_button@2x.png in Resources */ = {isa = PBXBuildFile; fileRef = C52383A31EB8402500E34960 /* new_feature_finish_button@2x.png */; };
		C52383BF1EB8402500E34960 /* new_feature_finish_button_highlighted.png in Resources */ = {isa = PBXBuildFile; fileRef = C52383A41EB8402500E34960 /* new_feature_finish_button_highlighted.png */; };
		C52383C01EB8402500E34960 /* new_feature_finish_button_highlighted@2x.png in Resources */ = {isa = PBXBuildFile; fileRef = C52383A51EB8402500E34960 /* new_feature_finish_button_highlighted@2x.png */; };
		C52383C11EB8402500E34960 /* new_feature_pagecontrol_checked_point.png in Resources */ = {isa = PBXBuildFile; fileRef = C52383A61EB8402500E34960 /* new_feature_pagecontrol_checked_point.png */; };
		C52383C21EB8402500E34960 /* new_feature_pagecontrol_checked_point@2x.png in Resources */ = {isa = PBXBuildFile; fileRef = C52383A71EB8402500E34960 /* new_feature_pagecontrol_checked_point@2x.png */; };
		C52383C31EB8402500E34960 /* new_feature_pagecontrol_point.png in Resources */ = {isa = PBXBuildFile; fileRef = C52383A81EB8402500E34960 /* new_feature_pagecontrol_point.png */; };
		C52383C41EB8402500E34960 /* new_feature_pagecontrol_point@2x.png in Resources */ = {isa = PBXBuildFile; fileRef = C52383A91EB8402500E34960 /* new_feature_pagecontrol_point@2x.png */; };
		C52383C51EB8402500E34960 /* new_feature_share_false.png in Resources */ = {isa = PBXBuildFile; fileRef = C52383AA1EB8402500E34960 /* new_feature_share_false.png */; };
		C52383C61EB8402500E34960 /* new_feature_share_false@2x.png in Resources */ = {isa = PBXBuildFile; fileRef = C52383AB1EB8402500E34960 /* new_feature_share_false@2x.png */; };
		C52383C71EB8402500E34960 /* new_feature_share_true.png in Resources */ = {isa = PBXBuildFile; fileRef = C52383AC1EB8402500E34960 /* new_feature_share_true.png */; };
		C52383C81EB8402500E34960 /* new_feature_share_true@2x.png in Resources */ = {isa = PBXBuildFile; fileRef = C52383AD1EB8402500E34960 /* new_feature_share_true@2x.png */; };
		C5325B731EE9B18900F43F25 /* MKLSearchBar.m in Sources */ = {isa = PBXBuildFile; fileRef = C5325B721EE9B18900F43F25 /* MKLSearchBar.m */; };
		C539925B1EB852F50056C756 /* libWeiboSDK.a in Frameworks */ = {isa = PBXBuildFile; fileRef = C53992581EB852F50056C756 /* libWeiboSDK.a */; };
		C539925C1EB852F50056C756 /* WeiboSDK.bundle in Resources */ = {isa = PBXBuildFile; fileRef = C53992591EB852F50056C756 /* WeiboSDK.bundle */; };
		C53C7E751EE85FDA00F7798F /* MKLDiscoverViewController.m in Sources */ = {isa = PBXBuildFile; fileRef = C53C7E721EE85FDA00F7798F /* MKLDiscoverViewController.m */; };
		C55EDE461E92861400154676 /* Foundation.framework in Frameworks */ = {isa = PBXBuildFile; fileRef = C55EDE451E92861400154676 /* Foundation.framework */; };
		C55EDE481E92861400154676 /* CoreGraphics.framework in Frameworks */ = {isa = PBXBuildFile; fileRef = C55EDE471E92861400154676 /* CoreGraphics.framework */; };
		C55EDE4A1E92861400154676 /* UIKit.framework in Frameworks */ = {isa = PBXBuildFile; fileRef = C55EDE491E92861400154676 /* UIKit.framework */; };
		C55EDE501E92861400154676 /* InfoPlist.strings in Resources */ = {isa = PBXBuildFile; fileRef = C55EDE4E1E92861400154676 /* InfoPlist.strings */; };
		C55EDE521E92861400154676 /* main.m in Sources */ = {isa = PBXBuildFile; fileRef = C55EDE511E92861400154676 /* main.m */; };
		C55EDE5E1E92861400154676 /* Images.xcassets in Resources */ = {isa = PBXBuildFile; fileRef = C55EDE5D1E92861400154676 /* Images.xcassets */; };
		C55EDE651E92861400154676 /* XCTest.framework in Frameworks */ = {isa = PBXBuildFile; fileRef = C55EDE641E92861400154676 /* XCTest.framework */; };
		C55EDE661E92861400154676 /* Foundation.framework in Frameworks */ = {isa = PBXBuildFile; fileRef = C55EDE451E92861400154676 /* Foundation.framework */; };
		C55EDE671E92861400154676 /* UIKit.framework in Frameworks */ = {isa = PBXBuildFile; fileRef = C55EDE491E92861400154676 /* UIKit.framework */; };
		C55EDE6F1E92861400154676 /* InfoPlist.strings in Resources */ = {isa = PBXBuildFile; fileRef = C55EDE6D1E92861400154676 /* InfoPlist.strings */; };
		C55EDE711E92861400154676 /* iMusicTests.m in Sources */ = {isa = PBXBuildFile; fileRef = C55EDE701E92861400154676 /* iMusicTests.m */; };
		C585A99A1EEBA69B008CBC80 /* MKLMainNavigationController.m in Sources */ = {isa = PBXBuildFile; fileRef = C585A98F1EEBA69B008CBC80 /* MKLMainNavigationController.m */; settings = {COMPILER_FLAGS = "-w"; }; };
		C585A99B1EEBA69B008CBC80 /* MKLTabBarViewController.m in Sources */ = {isa = PBXBuildFile; fileRef = C585A9911EEBA69B008CBC80 /* MKLTabBarViewController.m */; };
		C585A99C1EEBA69B008CBC80 /* MKLBadgeButton.m in Sources */ = {isa = PBXBuildFile; fileRef = C585A9951EEBA69B008CBC80 /* MKLBadgeButton.m */; };
		C585A99D1EEBA69B008CBC80 /* MKLTabBar.m in Sources */ = {isa = PBXBuildFile; fileRef = C585A9971EEBA69B008CBC80 /* MKLTabBar.m */; };
		C585A99E1EEBA69B008CBC80 /* MKLTabBarButton.m in Sources */ = {isa = PBXBuildFile; fileRef = C585A9991EEBA69B008CBC80 /* MKLTabBarButton.m */; };
		C585A9A41EEBA6AB008CBC80 /* UIBarButtonItem+Extension.m in Sources */ = {isa = PBXBuildFile; fileRef = C585A9A11EEBA6AB008CBC80 /* UIBarButtonItem+Extension.m */; };
		C585A9A51EEBA6AB008CBC80 /* UIImage+Quartz.m in Sources */ = {isa = PBXBuildFile; fileRef = C585A9A31EEBA6AB008CBC80 /* UIImage+Quartz.m */; };
		C585A9AE1EEBA6EE008CBC80 /* MKLHomeViewController.m in Sources */ = {isa = PBXBuildFile; fileRef = C585A9A91EEBA6EE008CBC80 /* MKLHomeViewController.m */; };
		C585A9AF1EEBA6EE008CBC80 /* MKLTitleButton.m in Sources */ = {isa = PBXBuildFile; fileRef = C585A9AD1EEBA6EE008CBC80 /* MKLTitleButton.m */; };
		C585A9B61EEBA6FE008CBC80 /* MKLMeViewController.m in Sources */ = {isa = PBXBuildFile; fileRef = C585A9B31EEBA6FE008CBC80 /* MKLMeViewController.m */; };
		C585A9BD1EEBA719008CBC80 /* MKLMessageViewController.m in Sources */ = {isa = PBXBuildFile; fileRef = C585A9BA1EEBA719008CBC80 /* MKLMessageViewController.m */; };
		C599C4761EA674C10056E052 /* AudioToolbox.framework in Frameworks */ = {isa = PBXBuildFile; fileRef = C599C4751EA674C10056E052 /* AudioToolbox.framework */; };
		C5A004261EE97ABE005B759C /* MKLProductListController.m in Sources */ = {isa = PBXBuildFile; fileRef = C5A004251EE97ABE005B759C /* MKLProductListController.m */; };
		C5AF224E1EB75F2700DA56BB /* iTunes.icns in Resources */ = {isa = PBXBuildFile; fileRef = C5AF224D1EB75F2700DA56BB /* iTunes.icns */; };
		C5C0E0651EA63BF4000AD933 /* MKLAppDelegate.m in Sources */ = {isa = PBXBuildFile; fileRef = C5C0E05E1EA63BF4000AD933 /* MKLAppDelegate.m */; };
		C5C4EEDC1EE6BBFB003482C3 /* WelcomeVideo.m4v in Resources */ = {isa = PBXBuildFile; fileRef = C5C4EEDB1EE6BBFB003482C3 /* WelcomeVideo.m4v */; };
/* End PBXBuildFile section */

/* Begin PBXContainerItemProxy section */
		C55EDE681E92861400154676 /* PBXContainerItemProxy */ = {
			isa = PBXContainerItemProxy;
			containerPortal = C55EDE3A1E92861400154676 /* Project object */;
			proxyType = 1;
			remoteGlobalIDString = C55EDE411E92861400154676;
			remoteInfo = iMusic;
		};
/* End PBXContainerItemProxy section */

/* Begin PBXFileReference section */
		C50165241EA5216A009FEFBB /* iTunes.png */ = {isa = PBXFileReference; lastKnownFileType = image.png; path = iTunes.png; sourceTree = "<group>"; };
		C505D11B1EEFFDA600FEECDB /* MJMoviePlayerViewController.h */ = {isa = PBXFileReference; fileEncoding = 4; lastKnownFileType = sourcecode.c.h; path = MJMoviePlayerViewController.h; sourceTree = "<group>"; };
		C505D11C1EEFFDA600FEECDB /* MJMoviePlayerViewController.m */ = {isa = PBXFileReference; fileEncoding = 4; lastKnownFileType = sourcecode.c.objc; path = MJMoviePlayerViewController.m; sourceTree = "<group>"; };
		C505D11D1EEFFDA600FEECDB /* MJViewController.h */ = {isa = PBXFileReference; fileEncoding = 4; lastKnownFileType = sourcecode.c.h; path = MJViewController.h; sourceTree = "<group>"; };
		C505D11E1EEFFDA600FEECDB /* MJViewController.m */ = {isa = PBXFileReference; fileEncoding = 4; lastKnownFileType = sourcecode.c.objc; path = MJViewController.m; sourceTree = "<group>"; };
		C505D11F1EEFFDA600FEECDB /* MKLViewController.h */ = {isa = PBXFileReference; fileEncoding = 4; lastKnownFileType = sourcecode.c.h; path = MKLViewController.h; sourceTree = "<group>"; };
		C505D1201EEFFDA600FEECDB /* MKLViewController.m */ = {isa = PBXFileReference; fileEncoding = 4; lastKnownFileType = sourcecode.c.objc; path = MKLViewController.m; sourceTree = "<group>"; };
		C52383931EB8402500E34960 /* new_feature_1-568h@2x.png */ = {isa = PBXFileReference; lastKnownFileType = image.png; path = "new_feature_1-568h@2x.png"; sourceTree = "<group>"; };
		C52383941EB8402500E34960 /* new_feature_1.png */ = {isa = PBXFileReference; lastKnownFileType = image.png; path = new_feature_1.png; sourceTree = "<group>"; };
		C52383951EB8402500E34960 /* new_feature_1@2x.png */ = {isa = PBXFileReference; lastKnownFileType = image.png; path = "new_feature_1@2x.png"; sourceTree = "<group>"; };
		C52383961EB8402500E34960 /* new_feature_2-568h@2x.png */ = {isa = PBXFileReference; lastKnownFileType = image.png; path = "new_feature_2-568h@2x.png"; sourceTree = "<group>"; };
		C52383971EB8402500E34960 /* new_feature_2.png */ = {isa = PBXFileReference; lastKnownFileType = image.png; path = new_feature_2.png; sourceTree = "<group>"; };
		C52383981EB8402500E34960 /* new_feature_2@2x.png */ = {isa = PBXFileReference; lastKnownFileType = image.png; path = "new_feature_2@2x.png"; sourceTree = "<group>"; };
		C52383991EB8402500E34960 /* new_feature_3-568h@2x.png */ = {isa = PBXFileReference; lastKnownFileType = image.png; path = "new_feature_3-568h@2x.png"; sourceTree = "<group>"; };
		C523839A1EB8402500E34960 /* new_feature_3.png */ = {isa = PBXFileReference; lastKnownFileType = image.png; path = new_feature_3.png; sourceTree = "<group>"; };
		C523839B1EB8402500E34960 /* new_feature_3@2x.png */ = {isa = PBXFileReference; lastKnownFileType = image.png; path = "new_feature_3@2x.png"; sourceTree = "<group>"; };
		C523839C1EB8402500E34960 /* new_feature_4-568h@2x.png */ = {isa = PBXFileReference; lastKnownFileType = image.png; path = "new_feature_4-568h@2x.png"; sourceTree = "<group>"; };
		C523839D1EB8402500E34960 /* new_feature_4.png */ = {isa = PBXFileReference; lastKnownFileType = image.png; path = new_feature_4.png; sourceTree = "<group>"; };
		C523839E1EB8402500E34960 /* new_feature_4@2x.png */ = {isa = PBXFileReference; lastKnownFileType = image.png; path = "new_feature_4@2x.png"; sourceTree = "<group>"; };
		C523839F1EB8402500E34960 /* new_feature_background-568h@2x.png */ = {isa = PBXFileReference; lastKnownFileType = image.png; path = "new_feature_background-568h@2x.png"; sourceTree = "<group>"; };
		C52383A01EB8402500E34960 /* new_feature_background.png */ = {isa = PBXFileReference; lastKnownFileType = image.png; path = new_feature_background.png; sourceTree = "<group>"; };
		C52383A11EB8402500E34960 /* new_feature_background@2x.png */ = {isa = PBXFileReference; lastKnownFileType = image.png; path = "new_feature_background@2x.png"; sourceTree = "<group>"; };
		C52383A21EB8402500E34960 /* new_feature_finish_button.png */ = {isa = PBXFileReference; lastKnownFileType = image.png; path = new_feature_finish_button.png; sourceTree = "<group>"; };
		C52383A31EB8402500E34960 /* new_feature_finish_button@2x.png */ = {isa = PBXFileReference; lastKnownFileType = image.png; path = "new_feature_finish_button@2x.png"; sourceTree = "<group>"; };
		C52383A41EB8402500E34960 /* new_feature_finish_button_highlighted.png */ = {isa = PBXFileReference; lastKnownFileType = image.png; path = new_feature_finish_button_highlighted.png; sourceTree = "<group>"; };
		C52383A51EB8402500E34960 /* new_feature_finish_button_highlighted@2x.png */ = {isa = PBXFileReference; lastKnownFileType = image.png; path = "new_feature_finish_button_highlighted@2x.png"; sourceTree = "<group>"; };
		C52383A61EB8402500E34960 /* new_feature_pagecontrol_checked_point.png */ = {isa = PBXFileReference; lastKnownFileType = image.png; path = new_feature_pagecontrol_checked_point.png; sourceTree = "<group>"; };
		C52383A71EB8402500E34960 /* new_feature_pagecontrol_checked_point@2x.png */ = {isa = PBXFileReference; lastKnownFileType = image.png; path = "new_feature_pagecontrol_checked_point@2x.png"; sourceTree = "<group>"; };
		C52383A81EB8402500E34960 /* new_feature_pagecontrol_point.png */ = {isa = PBXFileReference; lastKnownFileType = image.png; path = new_feature_pagecontrol_point.png; sourceTree = "<group>"; };
		C52383A91EB8402500E34960 /* new_feature_pagecontrol_point@2x.png */ = {isa = PBXFileReference; lastKnownFileType = image.png; path = "new_feature_pagecontrol_point@2x.png"; sourceTree = "<group>"; };
		C52383AA1EB8402500E34960 /* new_feature_share_false.png */ = {isa = PBXFileReference; lastKnownFileType = image.png; path = new_feature_share_false.png; sourceTree = "<group>"; };
		C52383AB1EB8402500E34960 /* new_feature_share_false@2x.png */ = {isa = PBXFileReference; lastKnownFileType = image.png; path = "new_feature_share_false@2x.png"; sourceTree = "<group>"; };
		C52383AC1EB8402500E34960 /* new_feature_share_true.png */ = {isa = PBXFileReference; lastKnownFileType = image.png; path = new_feature_share_true.png; sourceTree = "<group>"; };
		C52383AD1EB8402500E34960 /* new_feature_share_true@2x.png */ = {isa = PBXFileReference; lastKnownFileType = image.png; path = "new_feature_share_true@2x.png"; sourceTree = "<group>"; };
		C5325B711EE9B18900F43F25 /* MKLSearchBar.h */ = {isa = PBXFileReference; fileEncoding = 4; lastKnownFileType = sourcecode.c.h; path = MKLSearchBar.h; sourceTree = "<group>"; };
		C5325B721EE9B18900F43F25 /* MKLSearchBar.m */ = {isa = PBXFileReference; fileEncoding = 4; lastKnownFileType = sourcecode.c.objc; path = MKLSearchBar.m; sourceTree = "<group>"; };
		C53992581EB852F50056C756 /* libWeiboSDK.a */ = {isa = PBXFileReference; lastKnownFileType = archive.ar; path = libWeiboSDK.a; sourceTree = "<group>"; };
		C53992591EB852F50056C756 /* WeiboSDK.bundle */ = {isa = PBXFileReference; lastKnownFileType = "wrapper.plug-in"; path = WeiboSDK.bundle; sourceTree = "<group>"; };
		C539925A1EB852F50056C756 /* WeiboSDK.h */ = {isa = PBXFileReference; fileEncoding = 4; lastKnownFileType = sourcecode.c.h; path = WeiboSDK.h; sourceTree = "<group>"; };
		C53C7E711EE85FDA00F7798F /* MKLDiscoverViewController.h */ = {isa = PBXFileReference; fileEncoding = 4; lastKnownFileType = sourcecode.c.h; path = MKLDiscoverViewController.h; sourceTree = "<group>"; };
		C53C7E721EE85FDA00F7798F /* MKLDiscoverViewController.m */ = {isa = PBXFileReference; fileEncoding = 4; lastKnownFileType = sourcecode.c.objc; path = MKLDiscoverViewController.m; sourceTree = "<group>"; };
		C55EDE421E92861400154676 /* iMusic.app */ = {isa = PBXFileReference; explicitFileType = wrapper.application; includeInIndex = 0; path = iMusic.app; sourceTree = BUILT_PRODUCTS_DIR; };
		C55EDE451E92861400154676 /* Foundation.framework */ = {isa = PBXFileReference; lastKnownFileType = wrapper.framework; name = Foundation.framework; path = System/Library/Frameworks/Foundation.framework; sourceTree = SDKROOT; };
		C55EDE471E92861400154676 /* CoreGraphics.framework */ = {isa = PBXFileReference; lastKnownFileType = wrapper.framework; name = CoreGraphics.framework; path = System/Library/Frameworks/CoreGraphics.framework; sourceTree = SDKROOT; };
		C55EDE491E92861400154676 /* UIKit.framework */ = {isa = PBXFileReference; lastKnownFileType = wrapper.framework; name = UIKit.framework; path = System/Library/Frameworks/UIKit.framework; sourceTree = SDKROOT; };
		C55EDE4D1E92861400154676 /* iMusic-Info.plist */ = {isa = PBXFileReference; lastKnownFileType = text.plist.xml; path = "iMusic-Info.plist"; sourceTree = "<group>"; };
		C55EDE4F1E92861400154676 /* en */ = {isa = PBXFileReference; lastKnownFileType = text.plist.strings; name = en; path = en.lproj/InfoPlist.strings; sourceTree = "<group>"; };
		C55EDE511E92861400154676 /* main.m */ = {isa = PBXFileReference; lastKnownFileType = sourcecode.c.objc; path = main.m; sourceTree = "<group>"; };
		C55EDE531E92861400154676 /* iMusic-Prefix.pch */ = {isa = PBXFileReference; lastKnownFileType = sourcecode.c.h; path = "iMusic-Prefix.pch"; sourceTree = "<group>"; };
		C55EDE5D1E92861400154676 /* Images.xcassets */ = {isa = PBXFileReference; lastKnownFileType = folder.assetcatalog; path = Images.xcassets; sourceTree = "<group>"; };
		C55EDE631E92861400154676 /* iMusicTests.xctest */ = {isa = PBXFileReference; explicitFileType = wrapper.cfbundle; includeInIndex = 0; path = iMusicTests.xctest; sourceTree = BUILT_PRODUCTS_DIR; };
		C55EDE641E92861400154676 /* XCTest.framework */ = {isa = PBXFileReference; lastKnownFileType = wrapper.framework; name = XCTest.framework; path = Library/Frameworks/XCTest.framework; sourceTree = DEVELOPER_DIR; };
		C55EDE6C1E92861400154676 /* iMusicTests-Info.plist */ = {isa = PBXFileReference; lastKnownFileType = text.plist.xml; path = "iMusicTests-Info.plist"; sourceTree = "<group>"; };
		C55EDE6E1E92861400154676 /* en */ = {isa = PBXFileReference; lastKnownFileType = text.plist.strings; name = en; path = en.lproj/InfoPlist.strings; sourceTree = "<group>"; };
		C55EDE701E92861400154676 /* iMusicTests.m */ = {isa = PBXFileReference; lastKnownFileType = sourcecode.c.objc; path = iMusicTests.m; sourceTree = "<group>"; };
		C585A98E1EEBA69B008CBC80 /* MKLMainNavigationController.h */ = {isa = PBXFileReference; fileEncoding = 4; lastKnownFileType = sourcecode.c.h; path = MKLMainNavigationController.h; sourceTree = "<group>"; };
		C585A98F1EEBA69B008CBC80 /* MKLMainNavigationController.m */ = {isa = PBXFileReference; fileEncoding = 4; lastKnownFileType = sourcecode.c.objc; path = MKLMainNavigationController.m; sourceTree = "<group>"; };
		C585A9901EEBA69B008CBC80 /* MKLTabBarViewController.h */ = {isa = PBXFileReference; fileEncoding = 4; lastKnownFileType = sourcecode.c.h; path = MKLTabBarViewController.h; sourceTree = "<group>"; };
		C585A9911EEBA69B008CBC80 /* MKLTabBarViewController.m */ = {isa = PBXFileReference; fileEncoding = 4; lastKnownFileType = sourcecode.c.objc; path = MKLTabBarViewController.m; sourceTree = "<group>"; };
		C585A9941EEBA69B008CBC80 /* MKLBadgeButton.h */ = {isa = PBXFileReference; fileEncoding = 4; lastKnownFileType = sourcecode.c.h; path = MKLBadgeButton.h; sourceTree = "<group>"; };
		C585A9951EEBA69B008CBC80 /* MKLBadgeButton.m */ = {isa = PBXFileReference; fileEncoding = 4; lastKnownFileType = sourcecode.c.objc; path = MKLBadgeButton.m; sourceTree = "<group>"; };
		C585A9961EEBA69B008CBC80 /* MKLTabBar.h */ = {isa = PBXFileReference; fileEncoding = 4; lastKnownFileType = sourcecode.c.h; path = MKLTabBar.h; sourceTree = "<group>"; };
		C585A9971EEBA69B008CBC80 /* MKLTabBar.m */ = {isa = PBXFileReference; fileEncoding = 4; lastKnownFileType = sourcecode.c.objc; path = MKLTabBar.m; sourceTree = "<group>"; };
		C585A9981EEBA69B008CBC80 /* MKLTabBarButton.h */ = {isa = PBXFileReference; fileEncoding = 4; lastKnownFileType = sourcecode.c.h; path = MKLTabBarButton.h; sourceTree = "<group>"; };
		C585A9991EEBA69B008CBC80 /* MKLTabBarButton.m */ = {isa = PBXFileReference; fileEncoding = 4; lastKnownFileType = sourcecode.c.objc; path = MKLTabBarButton.m; sourceTree = "<group>"; };
		C585A9A01EEBA6AB008CBC80 /* UIBarButtonItem+Extension.h */ = {isa = PBXFileReference; fileEncoding = 4; lastKnownFileType = sourcecode.c.h; path = "UIBarButtonItem+Extension.h"; sourceTree = "<group>"; };
		C585A9A11EEBA6AB008CBC80 /* UIBarButtonItem+Extension.m */ = {isa = PBXFileReference; fileEncoding = 4; lastKnownFileType = sourcecode.c.objc; path = "UIBarButtonItem+Extension.m"; sourceTree = "<group>"; };
		C585A9A21EEBA6AB008CBC80 /* UIImage+Quartz.h */ = {isa = PBXFileReference; fileEncoding = 4; lastKnownFileType = sourcecode.c.h; path = "UIImage+Quartz.h"; sourceTree = "<group>"; };
		C585A9A31EEBA6AB008CBC80 /* UIImage+Quartz.m */ = {isa = PBXFileReference; fileEncoding = 4; lastKnownFileType = sourcecode.c.objc; path = "UIImage+Quartz.m"; sourceTree = "<group>"; };
		C585A9A81EEBA6EE008CBC80 /* MKLHomeViewController.h */ = {isa = PBXFileReference; fileEncoding = 4; lastKnownFileType = sourcecode.c.h; path = MKLHomeViewController.h; sourceTree = "<group>"; };
		C585A9A91EEBA6EE008CBC80 /* MKLHomeViewController.m */ = {isa = PBXFileReference; fileEncoding = 4; lastKnownFileType = sourcecode.c.objc; path = MKLHomeViewController.m; sourceTree = "<group>"; };
		C585A9AC1EEBA6EE008CBC80 /* MKLTitleButton.h */ = {isa = PBXFileReference; fileEncoding = 4; lastKnownFileType = sourcecode.c.h; path = MKLTitleButton.h; sourceTree = "<group>"; };
		C585A9AD1EEBA6EE008CBC80 /* MKLTitleButton.m */ = {isa = PBXFileReference; fileEncoding = 4; lastKnownFileType = sourcecode.c.objc; path = MKLTitleButton.m; sourceTree = "<group>"; };
		C585A9B21EEBA6FE008CBC80 /* MKLMeViewController.h */ = {isa = PBXFileReference; fileEncoding = 4; lastKnownFileType = sourcecode.c.h; path = MKLMeViewController.h; sourceTree = "<group>"; };
		C585A9B31EEBA6FE008CBC80 /* MKLMeViewController.m */ = {isa = PBXFileReference; fileEncoding = 4; lastKnownFileType = sourcecode.c.objc; path = MKLMeViewController.m; sourceTree = "<group>"; };
		C585A9B91EEBA719008CBC80 /* MKLMessageViewController.h */ = {isa = PBXFileReference; fileEncoding = 4; lastKnownFileType = sourcecode.c.h; path = MKLMessageViewController.h; sourceTree = "<group>"; };
		C585A9BA1EEBA719008CBC80 /* MKLMessageViewController.m */ = {isa = PBXFileReference; fileEncoding = 4; lastKnownFileType = sourcecode.c.objc; path = MKLMessageViewController.m; sourceTree = "<group>"; };
		C599C4751EA674C10056E052 /* AudioToolbox.framework */ = {isa = PBXFileReference; lastKnownFileType = wrapper.framework; name = AudioToolbox.framework; path = System/Library/Frameworks/AudioToolbox.framework; sourceTree = SDKROOT; };
		C5A004241EE97ABE005B759C /* MKLProductListController.h */ = {isa = PBXFileReference; fileEncoding = 4; lastKnownFileType = sourcecode.c.h; path = MKLProductListController.h; sourceTree = "<group>"; };
		C5A004251EE97ABE005B759C /* MKLProductListController.m */ = {isa = PBXFileReference; fileEncoding = 4; lastKnownFileType = sourcecode.c.objc; path = MKLProductListController.m; sourceTree = "<group>"; };
		C5AF224D1EB75F2700DA56BB /* iTunes.icns */ = {isa = PBXFileReference; lastKnownFileType = image.icns; path = iTunes.icns; sourceTree = "<group>"; };
		C5C0E05D1EA63BF4000AD933 /* MKLAppDelegate.h */ = {isa = PBXFileReference; fileEncoding = 4; lastKnownFileType = sourcecode.c.h; path = MKLAppDelegate.h; sourceTree = "<group>"; };
		C5C0E05E1EA63BF4000AD933 /* MKLAppDelegate.m */ = {isa = PBXFileReference; fileEncoding = 4; lastKnownFileType = sourcecode.c.objc; path = MKLAppDelegate.m; sourceTree = "<group>"; };
		C5C4EEDB1EE6BBFB003482C3 /* WelcomeVideo.m4v */ = {isa = PBXFileReference; lastKnownFileType = file; path = WelcomeVideo.m4v; sourceTree = "<group>"; };
/* End PBXFileReference section */

/* Begin PBXFrameworksBuildPhase section */
		C55EDE3F1E92861400154676 /* Frameworks */ = {
			isa = PBXFrameworksBuildPhase;
			buildActionMask = 2147483647;
			files = (
				C539925B1EB852F50056C756 /* libWeiboSDK.a in Frameworks */,
				C599C4761EA674C10056E052 /* AudioToolbox.framework in Frameworks */,
				C55EDE481E92861400154676 /* CoreGraphics.framework in Frameworks */,
				C55EDE4A1E92861400154676 /* UIKit.framework in Frameworks */,
				C55EDE461E92861400154676 /* Foundation.framework in Frameworks */,
			);
			runOnlyForDeploymentPostprocessing = 0;
		};
		C55EDE601E92861400154676 /* Frameworks */ = {
			isa = PBXFrameworksBuildPhase;
			buildActionMask = 2147483647;
			files = (
				C55EDE651E92861400154676 /* XCTest.framework in Frameworks */,
				C55EDE671E92861400154676 /* UIKit.framework in Frameworks */,
				C55EDE661E92861400154676 /* Foundation.framework in Frameworks */,
			);
			runOnlyForDeploymentPostprocessing = 0;
		};
/* End PBXFrameworksBuildPhase section */

/* Begin PBXGroup section */
		C505D11A1EEFFDA600FEECDB /* Module(KD Store) */ = {
			isa = PBXGroup;
			children = (
				C505D1251EEFFDDC00FEECDB /* Model */,
				C505D1261EEFFDDC00FEECDB /* View */,
				C505D1241EEFFDDC00FEECDB /* Controller */,
				C505D11B1EEFFDA600FEECDB /* MJMoviePlayerViewController.h */,
				C505D11C1EEFFDA600FEECDB /* MJMoviePlayerViewController.m */,
				C505D11D1EEFFDA600FEECDB /* MJViewController.h */,
				C505D11E1EEFFDA600FEECDB /* MJViewController.m */,
				C505D11F1EEFFDA600FEECDB /* MKLViewController.h */,
				C505D1201EEFFDA600FEECDB /* MKLViewController.m */,
			);
			path = "Module(KD Store)";
			sourceTree = "<group>";
		};
		C505D1241EEFFDDC00FEECDB /* Controller */ = {
			isa = PBXGroup;
			children = (
			);
			path = Controller;
			sourceTree = "<group>";
		};
		C505D1251EEFFDDC00FEECDB /* Model */ = {
			isa = PBXGroup;
			children = (
			);
			path = Model;
			sourceTree = "<group>";
		};
		C505D1261EEFFDDC00FEECDB /* View */ = {
			isa = PBXGroup;
			children = (
			);
			path = View;
			sourceTree = "<group>";
		};
		C52383921EB8402500E34960 /* new_feature */ = {
			isa = PBXGroup;
			children = (
				C52383931EB8402500E34960 /* new_feature_1-568h@2x.png */,
				C52383941EB8402500E34960 /* new_feature_1.png */,
				C52383951EB8402500E34960 /* new_feature_1@2x.png */,
				C52383961EB8402500E34960 /* new_feature_2-568h@2x.png */,
				C52383971EB8402500E34960 /* new_feature_2.png */,
				C52383981EB8402500E34960 /* new_feature_2@2x.png */,
				C52383991EB8402500E34960 /* new_feature_3-568h@2x.png */,
				C523839A1EB8402500E34960 /* new_feature_3.png */,
				C523839B1EB8402500E34960 /* new_feature_3@2x.png */,
				C523839C1EB8402500E34960 /* new_feature_4-568h@2x.png */,
				C523839D1EB8402500E34960 /* new_feature_4.png */,
				C523839E1EB8402500E34960 /* new_feature_4@2x.png */,
				C523839F1EB8402500E34960 /* new_feature_background-568h@2x.png */,
				C52383A01EB8402500E34960 /* new_feature_background.png */,
				C52383A11EB8402500E34960 /* new_feature_background@2x.png */,
				C52383A21EB8402500E34960 /* new_feature_finish_button.png */,
				C52383A31EB8402500E34960 /* new_feature_finish_button@2x.png */,
				C52383A41EB8402500E34960 /* new_feature_finish_button_highlighted.png */,
				C52383A51EB8402500E34960 /* new_feature_finish_button_highlighted@2x.png */,
				C52383A61EB8402500E34960 /* new_feature_pagecontrol_checked_point.png */,
				C52383A71EB8402500E34960 /* new_feature_pagecontrol_checked_point@2x.png */,
				C52383A81EB8402500E34960 /* new_feature_pagecontrol_point.png */,
				C52383A91EB8402500E34960 /* new_feature_pagecontrol_point@2x.png */,
				C52383AA1EB8402500E34960 /* new_feature_share_false.png */,
				C52383AB1EB8402500E34960 /* new_feature_share_false@2x.png */,
				C52383AC1EB8402500E34960 /* new_feature_share_true.png */,
				C52383AD1EB8402500E34960 /* new_feature_share_true@2x.png */,
			);
			path = new_feature;
			sourceTree = "<group>";
		};
		C53992571EB852F50056C756 /* libWeiboSDK */ = {
			isa = PBXGroup;
			children = (
				C53992581EB852F50056C756 /* libWeiboSDK.a */,
				C53992591EB852F50056C756 /* WeiboSDK.bundle */,
				C539925A1EB852F50056C756 /* WeiboSDK.h */,
			);
			path = libWeiboSDK;
			sourceTree = "<group>";
		};
		C53C7E6F1EE85FDA00F7798F /* Discover */ = {
			isa = PBXGroup;
			children = (
				C53C7E731EE85FDA00F7798F /* Model */,
				C53C7E741EE85FDA00F7798F /* View */,
				C53C7E701EE85FDA00F7798F /* Controller */,
			);
			path = Discover;
			sourceTree = "<group>";
		};
		C53C7E701EE85FDA00F7798F /* Controller */ = {
			isa = PBXGroup;
			children = (
				C53C7E711EE85FDA00F7798F /* MKLDiscoverViewController.h */,
				C53C7E721EE85FDA00F7798F /* MKLDiscoverViewController.m */,
				C5A004241EE97ABE005B759C /* MKLProductListController.h */,
				C5A004251EE97ABE005B759C /* MKLProductListController.m */,
			);
			path = Controller;
			sourceTree = "<group>";
		};
		C53C7E731EE85FDA00F7798F /* Model */ = {
			isa = PBXGroup;
			children = (
			);
			path = Model;
			sourceTree = "<group>";
		};
		C53C7E741EE85FDA00F7798F /* View */ = {
			isa = PBXGroup;
			children = (
				C5325B711EE9B18900F43F25 /* MKLSearchBar.h */,
				C5325B721EE9B18900F43F25 /* MKLSearchBar.m */,
			);
			path = View;
			sourceTree = "<group>";
		};
		C55EDE391E92861400154676 = {
			isa = PBXGroup;
			children = (
				C55EDE4B1E92861400154676 /* iMusic */,
				C55EDE6A1E92861400154676 /* iMusicTests */,
				C55EDE441E92861400154676 /* Frameworks */,
				C55EDE431E92861400154676 /* Products */,
			);
			sourceTree = "<group>";
		};
		C55EDE431E92861400154676 /* Products */ = {
			isa = PBXGroup;
			children = (
				C55EDE421E92861400154676 /* iMusic.app */,
				C55EDE631E92861400154676 /* iMusicTests.xctest */,
			);
			name = Products;
			sourceTree = "<group>";
		};
		C55EDE441E92861400154676 /* Frameworks */ = {
			isa = PBXGroup;
			children = (
				C599C4751EA674C10056E052 /* AudioToolbox.framework */,
				C55EDE451E92861400154676 /* Foundation.framework */,
				C55EDE471E92861400154676 /* CoreGraphics.framework */,
				C55EDE491E92861400154676 /* UIKit.framework */,
				C55EDE641E92861400154676 /* XCTest.framework */,
			);
			name = Frameworks;
			sourceTree = "<group>";
		};
		C55EDE4B1E92861400154676 /* iMusic */ = {
			isa = PBXGroup;
			children = (
				C5C0E05A1EA63BF4000AD933 /* Class */,
				C55EDE4C1E92861400154676 /* Supporting Files */,
			);
			path = iMusic;
			sourceTree = "<group>";
		};
		C55EDE4C1E92861400154676 /* Supporting Files */ = {
			isa = PBXGroup;
			children = (
				C52383921EB8402500E34960 /* new_feature */,
				C55EDE5D1E92861400154676 /* Images.xcassets */,
				C5C4EEDB1EE6BBFB003482C3 /* WelcomeVideo.m4v */,
				C5AF224D1EB75F2700DA56BB /* iTunes.icns */,
				C50165241EA5216A009FEFBB /* iTunes.png */,
				C55EDE4D1E92861400154676 /* iMusic-Info.plist */,
				C55EDE4E1E92861400154676 /* InfoPlist.strings */,
				C55EDE511E92861400154676 /* main.m */,
				C55EDE531E92861400154676 /* iMusic-Prefix.pch */,
			);
			name = "Supporting Files";
			sourceTree = "<group>";
		};
		C55EDE6A1E92861400154676 /* iMusicTests */ = {
			isa = PBXGroup;
			children = (
				C55EDE701E92861400154676 /* iMusicTests.m */,
				C55EDE6B1E92861400154676 /* Supporting Files */,
			);
			path = iMusicTests;
			sourceTree = "<group>";
		};
		C55EDE6B1E92861400154676 /* Supporting Files */ = {
			isa = PBXGroup;
			children = (
				C55EDE6C1E92861400154676 /* iMusicTests-Info.plist */,
				C55EDE6D1E92861400154676 /* InfoPlist.strings */,
			);
			name = "Supporting Files";
			sourceTree = "<group>";
		};
		C585A98C1EEBA69B008CBC80 /* Main */ = {
			isa = PBXGroup;
			children = (
				C585A98D1EEBA69B008CBC80 /* Controller */,
				C585A9921EEBA69B008CBC80 /* Model */,
				C585A9931EEBA69B008CBC80 /* View */,
			);
			path = Main;
			sourceTree = "<group>";
		};
		C585A98D1EEBA69B008CBC80 /* Controller */ = {
			isa = PBXGroup;
			children = (
				C585A98E1EEBA69B008CBC80 /* MKLMainNavigationController.h */,
				C585A98F1EEBA69B008CBC80 /* MKLMainNavigationController.m */,
				C585A9901EEBA69B008CBC80 /* MKLTabBarViewController.h */,
				C585A9911EEBA69B008CBC80 /* MKLTabBarViewController.m */,
			);
			path = Controller;
			sourceTree = "<group>";
		};
		C585A9921EEBA69B008CBC80 /* Model */ = {
			isa = PBXGroup;
			children = (
			);
			path = Model;
			sourceTree = "<group>";
		};
		C585A9931EEBA69B008CBC80 /* View */ = {
			isa = PBXGroup;
			children = (
				C585A9941EEBA69B008CBC80 /* MKLBadgeButton.h */,
				C585A9951EEBA69B008CBC80 /* MKLBadgeButton.m */,
				C585A9961EEBA69B008CBC80 /* MKLTabBar.h */,
				C585A9971EEBA69B008CBC80 /* MKLTabBar.m */,
				C585A9981EEBA69B008CBC80 /* MKLTabBarButton.h */,
				C585A9991EEBA69B008CBC80 /* MKLTabBarButton.m */,
			);
			path = View;
			sourceTree = "<group>";
		};
		C585A99F1EEBA6AB008CBC80 /* Category */ = {
			isa = PBXGroup;
			children = (
				C585A9A01EEBA6AB008CBC80 /* UIBarButtonItem+Extension.h */,
				C585A9A11EEBA6AB008CBC80 /* UIBarButtonItem+Extension.m */,
				C585A9A21EEBA6AB008CBC80 /* UIImage+Quartz.h */,
				C585A9A31EEBA6AB008CBC80 /* UIImage+Quartz.m */,
			);
			path = Category;
			sourceTree = "<group>";
		};
		C585A9A61EEBA6EE008CBC80 /* Home */ = {
			isa = PBXGroup;
			children = (
				C585A9A71EEBA6EE008CBC80 /* Controller */,
				C585A9AA1EEBA6EE008CBC80 /* Model */,
				C585A9AB1EEBA6EE008CBC80 /* View */,
			);
			path = Home;
			sourceTree = "<group>";
		};
		C585A9A71EEBA6EE008CBC80 /* Controller */ = {
			isa = PBXGroup;
			children = (
				C585A9A81EEBA6EE008CBC80 /* MKLHomeViewController.h */,
				C585A9A91EEBA6EE008CBC80 /* MKLHomeViewController.m */,
			);
			path = Controller;
			sourceTree = "<group>";
		};
		C585A9AA1EEBA6EE008CBC80 /* Model */ = {
			isa = PBXGroup;
			children = (
			);
			path = Model;
			sourceTree = "<group>";
		};
		C585A9AB1EEBA6EE008CBC80 /* View */ = {
			isa = PBXGroup;
			children = (
				C585A9AC1EEBA6EE008CBC80 /* MKLTitleButton.h */,
				C585A9AD1EEBA6EE008CBC80 /* MKLTitleButton.m */,
			);
			path = View;
			sourceTree = "<group>";
		};
		C585A9B01EEBA6FE008CBC80 /* Me */ = {
			isa = PBXGroup;
			children = (
				C585A9B11EEBA6FE008CBC80 /* Controller */,
				C585A9B41EEBA6FE008CBC80 /* Model */,
				C585A9B51EEBA6FE008CBC80 /* View */,
			);
			path = Me;
			sourceTree = "<group>";
		};
		C585A9B11EEBA6FE008CBC80 /* Controller */ = {
			isa = PBXGroup;
			children = (
				C585A9B21EEBA6FE008CBC80 /* MKLMeViewController.h */,
				C585A9B31EEBA6FE008CBC80 /* MKLMeViewController.m */,
			);
			path = Controller;
			sourceTree = "<group>";
		};
		C585A9B41EEBA6FE008CBC80 /* Model */ = {
			isa = PBXGroup;
			children = (
			);
			path = Model;
			sourceTree = "<group>";
		};
		C585A9B51EEBA6FE008CBC80 /* View */ = {
			isa = PBXGroup;
			children = (
			);
			path = View;
			sourceTree = "<group>";
		};
		C585A9B71EEBA719008CBC80 /* Message */ = {
			isa = PBXGroup;
			children = (
				C585A9B81EEBA719008CBC80 /* Controller */,
				C585A9BB1EEBA719008CBC80 /* Model */,
				C585A9BC1EEBA719008CBC80 /* View */,
			);
			path = Message;
			sourceTree = "<group>";
		};
		C585A9B81EEBA719008CBC80 /* Controller */ = {
			isa = PBXGroup;
			children = (
				C585A9B91EEBA719008CBC80 /* MKLMessageViewController.h */,
				C585A9BA1EEBA719008CBC80 /* MKLMessageViewController.m */,
			);
			path = Controller;
			sourceTree = "<group>";
		};
		C585A9BB1EEBA719008CBC80 /* Model */ = {
			isa = PBXGroup;
			children = (
			);
			path = Model;
			sourceTree = "<group>";
		};
		C585A9BC1EEBA719008CBC80 /* View */ = {
			isa = PBXGroup;
			children = (
			);
			path = View;
			sourceTree = "<group>";
		};
		C5C0E05A1EA63BF4000AD933 /* Class */ = {
			isa = PBXGroup;
			children = (
				C505D11A1EEFFDA600FEECDB /* Module(KD Store) */,
				C5C0E05B1EA63BF4000AD933 /* Common */,
				C585A9A61EEBA6EE008CBC80 /* Home */,
				C585A9B71EEBA719008CBC80 /* Message */,
				C53C7E6F1EE85FDA00F7798F /* Discover */,
				C585A9B01EEBA6FE008CBC80 /* Me */,
			);
			path = Class;
			sourceTree = "<group>";
		};
		C5C0E05B1EA63BF4000AD933 /* Common */ = {
			isa = PBXGroup;
			children = (
				C585A98C1EEBA69B008CBC80 /* Main */,
				C5C0E05C1EA63BF4000AD933 /* Other */,
			);
			path = Common;
			sourceTree = "<group>";
		};
		C5C0E05C1EA63BF4000AD933 /* Other */ = {
			isa = PBXGroup;
			children = (
				C585A99F1EEBA6AB008CBC80 /* Category */,
				C53992571EB852F50056C756 /* libWeiboSDK */,
				C5C0E05D1EA63BF4000AD933 /* MKLAppDelegate.h */,
				C5C0E05E1EA63BF4000AD933 /* MKLAppDelegate.m */,
			);
			path = Other;
			sourceTree = "<group>";
		};
/* End PBXGroup section */

/* Begin PBXNativeTarget section */
		C55EDE411E92861400154676 /* iMusic */ = {
			isa = PBXNativeTarget;
			buildConfigurationList = C55EDE741E92861400154676 /* Build configuration list for PBXNativeTarget "iMusic" */;
			buildPhases = (
				C55EDE3E1E92861400154676 /* Sources */,
				C55EDE3F1E92861400154676 /* Frameworks */,
				C55EDE401E92861400154676 /* Resources */,
			);
			buildRules = (
			);
			dependencies = (
			);
			name = iMusic;
			productName = iMusic;
			productReference = C55EDE421E92861400154676 /* iMusic.app */;
			productType = "com.apple.product-type.application";
		};
		C55EDE621E92861400154676 /* iMusicTests */ = {
			isa = PBXNativeTarget;
			buildConfigurationList = C55EDE771E92861400154676 /* Build configuration list for PBXNativeTarget "iMusicTests" */;
			buildPhases = (
				C55EDE5F1E92861400154676 /* Sources */,
				C55EDE601E92861400154676 /* Frameworks */,
				C55EDE611E92861400154676 /* Resources */,
			);
			buildRules = (
			);
			dependencies = (
				C55EDE691E92861400154676 /* PBXTargetDependency */,
			);
			name = iMusicTests;
			productName = iMusicTests;
			productReference = C55EDE631E92861400154676 /* iMusicTests.xctest */;
			productType = "com.apple.product-type.bundle.unit-test";
		};
/* End PBXNativeTarget section */

/* Begin PBXProject section */
		C55EDE3A1E92861400154676 /* Project object */ = {
			isa = PBXProject;
			attributes = {
				CLASSPREFIX = MKL;
				LastUpgradeCheck = 0510;
				ORGANIZATIONNAME = MarkLewis;
				TargetAttributes = {
					C55EDE621E92861400154676 = {
						TestTargetID = C55EDE411E92861400154676;
					};
				};
			};
			buildConfigurationList = C55EDE3D1E92861400154676 /* Build configuration list for PBXProject "iMusic" */;
			compatibilityVersion = "Xcode 3.2";
			developmentRegion = English;
			hasScannedForEncodings = 0;
			knownRegions = (
				en,
				Base,
			);
			mainGroup = C55EDE391E92861400154676;
			productRefGroup = C55EDE431E92861400154676 /* Products */;
			projectDirPath = "";
			projectRoot = "";
			targets = (
				C55EDE411E92861400154676 /* iMusic */,
				C55EDE621E92861400154676 /* iMusicTests */,
			);
		};
/* End PBXProject section */

/* Begin PBXResourcesBuildPhase section */
		C55EDE401E92861400154676 /* Resources */ = {
			isa = PBXResourcesBuildPhase;
			buildActionMask = 2147483647;
			files = (
				C52383C81EB8402500E34960 /* new_feature_share_true@2x.png in Resources */,
				C52383AF1EB8402500E34960 /* new_feature_1.png in Resources */,
				C55EDE5E1E92861400154676 /* Images.xcassets in Resources */,
				C52383BC1EB8402500E34960 /* new_feature_background@2x.png in Resources */,
				C50165251EA5216A009FEFBB /* iTunes.png in Resources */,
				C52383C41EB8402500E34960 /* new_feature_pagecontrol_point@2x.png in Resources */,
				C52383C21EB8402500E34960 /* new_feature_pagecontrol_checked_point@2x.png in Resources */,
				C52383BA1EB8402500E34960 /* new_feature_background-568h@2x.png in Resources */,
				C539925C1EB852F50056C756 /* WeiboSDK.bundle in Resources */,
				C52383B71EB8402500E34960 /* new_feature_4-568h@2x.png in Resources */,
				C5C4EEDC1EE6BBFB003482C3 /* WelcomeVideo.m4v in Resources */,
				C5AF224E1EB75F2700DA56BB /* iTunes.icns in Resources */,
				C52383B51EB8402500E34960 /* new_feature_3.png in Resources */,
				C52383B21EB8402500E34960 /* new_feature_2.png in Resources */,
				C52383B41EB8402500E34960 /* new_feature_3-568h@2x.png in Resources */,
				C55EDE501E92861400154676 /* InfoPlist.strings in Resources */,
				C52383C51EB8402500E34960 /* new_feature_share_false.png in Resources */,
				C52383B91EB8402500E34960 /* new_feature_4@2x.png in Resources */,
				C52383C11EB8402500E34960 /* new_feature_pagecontrol_checked_point.png in Resources */,
				C52383C71EB8402500E34960 /* new_feature_share_true.png in Resources */,
				C52383C31EB8402500E34960 /* new_feature_pagecontrol_point.png in Resources */,
				C52383BB1EB8402500E34960 /* new_feature_background.png in Resources */,
				C52383B61EB8402500E34960 /* new_feature_3@2x.png in Resources */,
				C52383BE1EB8402500E34960 /* new_feature_finish_button@2x.png in Resources */,
				C52383B31EB8402500E34960 /* new_feature_2@2x.png in Resources */,
				C52383C61EB8402500E34960 /* new_feature_share_false@2x.png in Resources */,
				C52383C01EB8402500E34960 /* new_feature_finish_button_highlighted@2x.png in Resources */,
				C52383B81EB8402500E34960 /* new_feature_4.png in Resources */,
				C52383B11EB8402500E34960 /* new_feature_2-568h@2x.png in Resources */,
				C52383B01EB8402500E34960 /* new_feature_1@2x.png in Resources */,
				C52383AE1EB8402500E34960 /* new_feature_1-568h@2x.png in Resources */,
				C52383BD1EB8402500E34960 /* new_feature_finish_button.png in Resources */,
				C52383BF1EB8402500E34960 /* new_feature_finish_button_highlighted.png in Resources */,
			);
			runOnlyForDeploymentPostprocessing = 0;
		};
		C55EDE611E92861400154676 /* Resources */ = {
			isa = PBXResourcesBuildPhase;
			buildActionMask = 2147483647;
			files = (
				C55EDE6F1E92861400154676 /* InfoPlist.strings in Resources */,
			);
			runOnlyForDeploymentPostprocessing = 0;
		};
/* End PBXResourcesBuildPhase section */

/* Begin PBXSourcesBuildPhase section */
		C55EDE3E1E92861400154676 /* Sources */ = {
			isa = PBXSourcesBuildPhase;
			buildActionMask = 2147483647;
			files = (
				C585A9AF1EEBA6EE008CBC80 /* MKLTitleButton.m in Sources */,
				C585A99D1EEBA69B008CBC80 /* MKLTabBar.m in Sources */,
				C585A9BD1EEBA719008CBC80 /* MKLMessageViewController.m in Sources */,
				C585A99B1EEBA69B008CBC80 /* MKLTabBarViewController.m in Sources */,
				C585A9A51EEBA6AB008CBC80 /* UIImage+Quartz.m in Sources */,
				C505D1221EEFFDA600FEECDB /* MJViewController.m in Sources */,
				C585A9B61EEBA6FE008CBC80 /* MKLMeViewController.m in Sources */,
				C55EDE521E92861400154676 /* main.m in Sources */,
				C585A9A41EEBA6AB008CBC80 /* UIBarButtonItem+Extension.m in Sources */,
				C5325B731EE9B18900F43F25 /* MKLSearchBar.m in Sources */,
				C5A004261EE97ABE005B759C /* MKLProductListController.m in Sources */,
				C585A99E1EEBA69B008CBC80 /* MKLTabBarButton.m in Sources */,
				C585A99A1EEBA69B008CBC80 /* MKLMainNavigationController.m in Sources */,
				C53C7E751EE85FDA00F7798F /* MKLDiscoverViewController.m in Sources */,
				C585A9AE1EEBA6EE008CBC80 /* MKLHomeViewController.m in Sources */,
				C5C0E0651EA63BF4000AD933 /* MKLAppDelegate.m in Sources */,
				C585A99C1EEBA69B008CBC80 /* MKLBadgeButton.m in Sources */,
				C505D1211EEFFDA600FEECDB /* MJMoviePlayerViewController.m in Sources */,
				C505D1231EEFFDA600FEECDB /* MKLViewController.m in Sources */,
			);
			runOnlyForDeploymentPostprocessing = 0;
		};
		C55EDE5F1E92861400154676 /* Sources */ = {
			isa = PBXSourcesBuildPhase;
			buildActionMask = 2147483647;
			files = (
				C55EDE711E92861400154676 /* iMusicTests.m in Sources */,
			);
			runOnlyForDeploymentPostprocessing = 0;
		};
/* End PBXSourcesBuildPhase section */

/* Begin PBXTargetDependency section */
		C55EDE691E92861400154676 /* PBXTargetDependency */ = {
			isa = PBXTargetDependency;
			target = C55EDE411E92861400154676 /* iMusic */;
			targetProxy = C55EDE681E92861400154676 /* PBXContainerItemProxy */;
		};
/* End PBXTargetDependency section */

/* Begin PBXVariantGroup section */
		C55EDE4E1E92861400154676 /* InfoPlist.strings */ = {
			isa = PBXVariantGroup;
			children = (
				C55EDE4F1E92861400154676 /* en */,
			);
			name = InfoPlist.strings;
			sourceTree = "<group>";
		};
		C55EDE6D1E92861400154676 /* InfoPlist.strings */ = {
			isa = PBXVariantGroup;
			children = (
				C55EDE6E1E92861400154676 /* en */,
			);
			name = InfoPlist.strings;
			sourceTree = "<group>";
		};
/* End PBXVariantGroup section */

/* Begin XCBuildConfiguration section */
		C55EDE721E92861400154676 /* Debug */ = {
			isa = XCBuildConfiguration;
			buildSettings = {
				ALWAYS_SEARCH_USER_PATHS = NO;
				CLANG_CXX_LANGUAGE_STANDARD = "gnu++0x";
				CLANG_CXX_LIBRARY = "libc++";
				CLANG_ENABLE_MODULES = YES;
				CLANG_ENABLE_OBJC_ARC = YES;
				CLANG_WARN_BOOL_CONVERSION = YES;
				CLANG_WARN_CONSTANT_CONVERSION = YES;
				CLANG_WARN_DIRECT_OBJC_ISA_USAGE = YES_ERROR;
				CLANG_WARN_EMPTY_BODY = YES;
				CLANG_WARN_ENUM_CONVERSION = YES;
				CLANG_WARN_INT_CONVERSION = YES;
				CLANG_WARN_OBJC_ROOT_CLASS = YES_ERROR;
				CLANG_WARN__DUPLICATE_METHOD_MATCH = YES;
				"CODE_SIGN_IDENTITY[sdk=iphoneos*]" = "iPhone Developer";
				COPY_PHASE_STRIP = NO;
				GCC_C_LANGUAGE_STANDARD = gnu99;
				GCC_DYNAMIC_NO_PIC = NO;
				GCC_OPTIMIZATION_LEVEL = 0;
				GCC_PREPROCESSOR_DEFINITIONS = (
					"DEBUG=1",
					"$(inherited)",
				);
				GCC_SYMBOLS_PRIVATE_EXTERN = NO;
				GCC_WARN_64_TO_32_BIT_CONVERSION = YES;
				GCC_WARN_ABOUT_RETURN_TYPE = YES_ERROR;
				GCC_WARN_UNDECLARED_SELECTOR = YES;
				GCC_WARN_UNINITIALIZED_AUTOS = YES_AGGRESSIVE;
				GCC_WARN_UNUSED_FUNCTION = YES;
				GCC_WARN_UNUSED_VARIABLE = YES;
				IPHONEOS_DEPLOYMENT_TARGET = 7.0;
				ONLY_ACTIVE_ARCH = YES;
				SDKROOT = iphoneos;
			};
			name = Debug;
		};
		C55EDE731E92861400154676 /* Release */ = {
			isa = XCBuildConfiguration;
			buildSettings = {
				ALWAYS_SEARCH_USER_PATHS = NO;
				CLANG_CXX_LANGUAGE_STANDARD = "gnu++0x";
				CLANG_CXX_LIBRARY = "libc++";
				CLANG_ENABLE_MODULES = YES;
				CLANG_ENABLE_OBJC_ARC = YES;
				CLANG_WARN_BOOL_CONVERSION = YES;
				CLANG_WARN_CONSTANT_CONVERSION = YES;
				CLANG_WARN_DIRECT_OBJC_ISA_USAGE = YES_ERROR;
				CLANG_WARN_EMPTY_BODY = YES;
				CLANG_WARN_ENUM_CONVERSION = YES;
				CLANG_WARN_INT_CONVERSION = YES;
				CLANG_WARN_OBJC_ROOT_CLASS = YES_ERROR;
				CLANG_WARN__DUPLICATE_METHOD_MATCH = YES;
				"CODE_SIGN_IDENTITY[sdk=iphoneos*]" = "iPhone Developer";
				COPY_PHASE_STRIP = YES;
				ENABLE_NS_ASSERTIONS = NO;
				GCC_C_LANGUAGE_STANDARD = gnu99;
				GCC_WARN_64_TO_32_BIT_CONVERSION = YES;
				GCC_WARN_ABOUT_RETURN_TYPE = YES_ERROR;
				GCC_WARN_UNDECLARED_SELECTOR = YES;
				GCC_WARN_UNINITIALIZED_AUTOS = YES_AGGRESSIVE;
				GCC_WARN_UNUSED_FUNCTION = YES;
				GCC_WARN_UNUSED_VARIABLE = YES;
				IPHONEOS_DEPLOYMENT_TARGET = 7.0;
				SDKROOT = iphoneos;
				VALIDATE_PRODUCT = YES;
			};
			name = Release;
		};
		C55EDE751E92861400154676 /* Debug */ = {
			isa = XCBuildConfiguration;
			buildSettings = {
				ASSETCATALOG_COMPILER_APPICON_NAME = AppIcon;
				ASSETCATALOG_COMPILER_LAUNCHIMAGE_NAME = LaunchImage;
				GCC_PRECOMPILE_PREFIX_HEADER = YES;
				GCC_PREFIX_HEADER = "iMusic/iMusic-Prefix.pch";
				INFOPLIST_FILE = "iMusic/iMusic-Info.plist";
				IPHONEOS_DEPLOYMENT_TARGET = 7.0;
				LIBRARY_SEARCH_PATHS = (
					"$(inherited)",
					"$(PROJECT_DIR)/iMusic/Class/Common/Other/libWeiboSDK",
				);
				PRODUCT_NAME = "$(TARGET_NAME)";
				WRAPPER_EXTENSION = app;
			};
			name = Debug;
		};
		C55EDE761E92861400154676 /* Release */ = {
			isa = XCBuildConfiguration;
			buildSettings = {
				ASSETCATALOG_COMPILER_APPICON_NAME = AppIcon;
				ASSETCATALOG_COMPILER_LAUNCHIMAGE_NAME = LaunchImage;
				GCC_PRECOMPILE_PREFIX_HEADER = YES;
				GCC_PREFIX_HEADER = "iMusic/iMusic-Prefix.pch";
				INFOPLIST_FILE = "iMusic/iMusic-Info.plist";
				IPHONEOS_DEPLOYMENT_TARGET = 7.0;
				LIBRARY_SEARCH_PATHS = (
					"$(inherited)",
					"$(PROJECT_DIR)/iMusic/Class/Common/Other/libWeiboSDK",
				);
				PRODUCT_NAME = "$(TARGET_NAME)";
				WRAPPER_EXTENSION = app;
			};
			name = Release;
		};
		C55EDE781E92861400154676 /* Debug */ = {
			isa = XCBuildConfiguration;
			buildSettings = {
				BUNDLE_LOADER = "$(BUILT_PRODUCTS_DIR)/iMusic.app/iMusic";
				FRAMEWORK_SEARCH_PATHS = (
					"$(SDKROOT)/Developer/Library/Frameworks",
					"$(inherited)",
					"$(DEVELOPER_FRAMEWORKS_DIR)",
				);
				GCC_PRECOMPILE_PREFIX_HEADER = YES;
				GCC_PREFIX_HEADER = "iMusic/iMusic-Prefix.pch";
				GCC_PREPROCESSOR_DEFINITIONS = (
					"DEBUG=1",
					"$(inherited)",
				);
				INFOPLIST_FILE = "iMusicTests/iMusicTests-Info.plist";
				PRODUCT_NAME = "$(TARGET_NAME)";
				TEST_HOST = "$(BUNDLE_LOADER)";
				WRAPPER_EXTENSION = xctest;
			};
			name = Debug;
		};
		C55EDE791E92861400154676 /* Release */ = {
			isa = XCBuildConfiguration;
			buildSettings = {
				BUNDLE_LOADER = "$(BUILT_PRODUCTS_DIR)/iMusic.app/iMusic";
				FRAMEWORK_SEARCH_PATHS = (
					"$(SDKROOT)/Developer/Library/Frameworks",
					"$(inherited)",
					"$(DEVELOPER_FRAMEWORKS_DIR)",
				);
				GCC_PRECOMPILE_PREFIX_HEADER = YES;
				GCC_PREFIX_HEADER = "iMusic/iMusic-Prefix.pch";
				INFOPLIST_FILE = "iMusicTests/iMusicTests-Info.plist";
				PRODUCT_NAME = "$(TARGET_NAME)";
				TEST_HOST = "$(BUNDLE_LOADER)";
				WRAPPER_EXTENSION = xctest;
			};
			name = Release;
		};
/* End XCBuildConfiguration section */

/* Begin XCConfigurationList section */
		C55EDE3D1E92861400154676 /* Build configuration list for PBXProject "iMusic" */ = {
			isa = XCConfigurationList;
			buildConfigurations = (
				C55EDE721E92861400154676 /* Debug */,
				C55EDE731E92861400154676 /* Release */,
			);
			defaultConfigurationIsVisible = 0;
			defaultConfigurationName = Release;
		};
		C55EDE741E92861400154676 /* Build configuration list for PBXNativeTarget "iMusic" */ = {
			isa = XCConfigurationList;
			buildConfigurations = (
				C55EDE751E92861400154676 /* Debug */,
				C55EDE761E92861400154676 /* Release */,
			);
			defaultConfigurationIsVisible = 0;
			defaultConfigurationName = Release;
		};
		C55EDE771E92861400154676 /* Build configuration list for PBXNativeTarget "iMusicTests" */ = {
			isa = XCConfigurationList;
			buildConfigurations = (
				C55EDE781E92861400154676 /* Debug */,
				C55EDE791E92861400154676 /* Release */,
			);
			defaultConfigurationIsVisible = 0;
			defaultConfigurationName = Release;
		};
/* End XCConfigurationList section */
	};
	rootObject = C55EDE3A1E92861400154676 /* Project object */;
}
